
Microsoft Visual Studio Solution File, Format Version 12.00
# Visual Studio Version 17
VisualStudioVersion = 17.11.35219.272
MinimumVisualStudioVersion = 10.0.40219.1
Project("{FAE04EC0-301F-11D3-BF4B-00C04F79EFBC}") = "DomFront1", "DomFront1\DomFront1.csproj", "{475457E1-21E8-450D-AB99-A09BAABF19FF}"
EndProject
Global
	GlobalSection(SolutionConfigurationPlatforms) = preSolution
		Debug|Any CPU = Debug|Any CPU
		Release|Any CPU = Release|Any CPU
	EndGlobalSection
	GlobalSection(ProjectConfigurationPlatforms) = postSolution
		{475457E1-21E8-450D-AB99-A09BAABF19FF}.Debug|Any CPU.ActiveCfg = Debug|Any CPU
		{475457E1-21E8-450D-AB99-A09BAABF19FF}.Debug|Any CPU.Build.0 = Debug|Any CPU
		{475457E1-21E8-450D-AB99-A09BAABF19FF}.Release|Any CPU.ActiveCfg = Release|Any CPU
		{475457E1-21E8-450D-AB99-A09BAABF19FF}.Release|Any CPU.Build.0 = Release|Any CPU
	EndGlobalSection
	GlobalSection(SolutionProperties) = preSolution
		HideSolutionNode = FALSE
	EndGlobalSection
	GlobalSection(ExtensibilityGlobals) = postSolution
		SolutionGuid = {C88FE9D4-0B7B-40D6-A462-EE1D35663917}
	EndGlobalSection
EndGlobal
